// !$*UTF8*$!
{
	archiveVersion = 1;
	classes = {
	};
	objectVersion = 56;
	objects = {

/* Begin PBXBuildFile section */
		B22036A02A9687CB00ABBE3C /* MeasurePoint.swift in Sources */ = {isa = PBXBuildFile; fileRef = B220369F2A9687CB00ABBE3C /* MeasurePoint.swift */; };
		B255A26029B42F0800B322B0 /* LICENSE.txt in Resources */ = {isa = PBXBuildFile; fileRef = B255A25F29B42F0800B322B0 /* LICENSE.txt */; };
		B264D04D2A7AB5500082F141 /* ArchNode.swift in Sources */ = {isa = PBXBuildFile; fileRef = B264D04C2A7AB5500082F141 /* ArchNode.swift */; };
		B264D04F2A7AB59C0082F141 /* ArchNodeQuadrant.swift in Sources */ = {isa = PBXBuildFile; fileRef = B264D04E2A7AB59C0082F141 /* ArchNodeQuadrant.swift */; };
		B273F02329EB51A9000322E9 /* Coordinator.swift in Sources */ = {isa = PBXBuildFile; fileRef = B273F02229EB51A9000322E9 /* Coordinator.swift */; };
		B2780ADA299FA2B90055BF18 /* Drill_BuddyApp.swift in Sources */ = {isa = PBXBuildFile; fileRef = B2780AD9299FA2B90055BF18 /* Drill_BuddyApp.swift */; };
		B2780ADC299FA2B90055BF18 /* ContentView.swift in Sources */ = {isa = PBXBuildFile; fileRef = B2780ADB299FA2B90055BF18 /* ContentView.swift */; };
		B2780ADE299FA2BB0055BF18 /* Assets.xcassets in Resources */ = {isa = PBXBuildFile; fileRef = B2780ADD299FA2BB0055BF18 /* Assets.xcassets */; };
		B2780AE1299FA2BB0055BF18 /* Preview Assets.xcassets in Resources */ = {isa = PBXBuildFile; fileRef = B2780AE0299FA2BB0055BF18 /* Preview Assets.xcassets */; };
		B2780AF429A4FF6B0055BF18 /* Extensions.swift in Sources */ = {isa = PBXBuildFile; fileRef = B2780AF329A4FF6B0055BF18 /* Extensions.swift */; };
/* End PBXBuildFile section */

/* Begin PBXFileReference section */
		B220369F2A9687CB00ABBE3C /* MeasurePoint.swift */ = {isa = PBXFileReference; lastKnownFileType = sourcecode.swift; path = MeasurePoint.swift; sourceTree = "<group>"; };
		B255A25F29B42F0800B322B0 /* LICENSE.txt */ = {isa = PBXFileReference; fileEncoding = 4; lastKnownFileType = text; path = LICENSE.txt; sourceTree = "<group>"; };
		B264D04C2A7AB5500082F141 /* ArchNode.swift */ = {isa = PBXFileReference; lastKnownFileType = sourcecode.swift; path = ArchNode.swift; sourceTree = "<group>"; };
		B264D04E2A7AB59C0082F141 /* ArchNodeQuadrant.swift */ = {isa = PBXFileReference; lastKnownFileType = sourcecode.swift; path = ArchNodeQuadrant.swift; sourceTree = "<group>"; };
		B273F02229EB51A9000322E9 /* Coordinator.swift */ = {isa = PBXFileReference; lastKnownFileType = sourcecode.swift; path = Coordinator.swift; sourceTree = "<group>"; };
		B2780AD6299FA2B90055BF18 /* Drill Buddy.app */ = {isa = PBXFileReference; explicitFileType = wrapper.application; includeInIndex = 0; path = "Drill Buddy.app"; sourceTree = BUILT_PRODUCTS_DIR; };
		B2780AD9299FA2B90055BF18 /* Drill_BuddyApp.swift */ = {isa = PBXFileReference; lastKnownFileType = sourcecode.swift; path = Drill_BuddyApp.swift; sourceTree = "<group>"; };
		B2780ADB299FA2B90055BF18 /* ContentView.swift */ = {isa = PBXFileReference; lastKnownFileType = sourcecode.swift; path = ContentView.swift; sourceTree = "<group>"; };
		B2780ADD299FA2BB0055BF18 /* Assets.xcassets */ = {isa = PBXFileReference; lastKnownFileType = folder.assetcatalog; path = Assets.xcassets; sourceTree = "<group>"; };
		B2780AE0299FA2BB0055BF18 /* Preview Assets.xcassets */ = {isa = PBXFileReference; lastKnownFileType = folder.assetcatalog; path = "Preview Assets.xcassets"; sourceTree = "<group>"; };
		B2780AF329A4FF6B0055BF18 /* Extensions.swift */ = {isa = PBXFileReference; lastKnownFileType = sourcecode.swift; path = Extensions.swift; sourceTree = "<group>"; };
/* End PBXFileReference section */

/* Begin PBXFrameworksBuildPhase section */
		B2780AD3299FA2B90055BF18 /* Frameworks */ = {
			isa = PBXFrameworksBuildPhase;
			buildActionMask = 2147483647;
			files = (
			);
			runOnlyForDeploymentPostprocessing = 0;
		};
/* End PBXFrameworksBuildPhase section */

/* Begin PBXGroup section */
		B255A25E29B42F0800B322B0 /* LICENSE */ = {
			isa = PBXGroup;
			children = (
				B255A25F29B42F0800B322B0 /* LICENSE.txt */,
			);
			path = LICENSE;
			sourceTree = "<group>";
		};
		B264D04B2A7AB42A0082F141 /* Arch Node */ = {
			isa = PBXGroup;
			children = (
				B264D04C2A7AB5500082F141 /* ArchNode.swift */,
				B264D04E2A7AB59C0082F141 /* ArchNodeQuadrant.swift */,
				B220369F2A9687CB00ABBE3C /* MeasurePoint.swift */,
			);
			path = "Arch Node";
			sourceTree = "<group>";
		};
		B2780ACD299FA2B90055BF18 = {
			isa = PBXGroup;
			children = (
				B2780AD8299FA2B90055BF18 /* Drill Buddy */,
				B255A25E29B42F0800B322B0 /* LICENSE */,
				B2780AD7299FA2B90055BF18 /* Products */,
			);
			sourceTree = "<group>";
		};
		B2780AD7299FA2B90055BF18 /* Products */ = {
			isa = PBXGroup;
			children = (
				B2780AD6299FA2B90055BF18 /* Drill Buddy.app */,
			);
			name = Products;
			sourceTree = "<group>";
		};
		B2780AD8299FA2B90055BF18 /* Drill Buddy */ = {
			isa = PBXGroup;
			children = (
				B2780AD9299FA2B90055BF18 /* Drill_BuddyApp.swift */,
				B2780ADB299FA2B90055BF18 /* ContentView.swift */,
				B2780AE729A4F7DF0055BF18 /* Custom Views */,
				B2780AF229A4FF350055BF18 /* Utility Functions */,
				B2780ADD299FA2BB0055BF18 /* Assets.xcassets */,
				B2780ADF299FA2BB0055BF18 /* Preview Content */,
			);
			path = "Drill Buddy";
			sourceTree = "<group>";
		};
		B2780ADF299FA2BB0055BF18 /* Preview Content */ = {
			isa = PBXGroup;
			children = (
				B2780AE0299FA2BB0055BF18 /* Preview Assets.xcassets */,
			);
			path = "Preview Content";
			sourceTree = "<group>";
		};
		B2780AE729A4F7DF0055BF18 /* Custom Views */ = {
			isa = PBXGroup;
			children = (
				B264D04B2A7AB42A0082F141 /* Arch Node */,
				B273F02229EB51A9000322E9 /* Coordinator.swift */,
			);
			path = "Custom Views";
			sourceTree = "<group>";
		};
		B2780AF229A4FF350055BF18 /* Utility Functions */ = {
			isa = PBXGroup;
			children = (
				B2780AF329A4FF6B0055BF18 /* Extensions.swift */,
			);
			path = "Utility Functions";
			sourceTree = "<group>";
		};
/* End PBXGroup section */

/* Begin PBXNativeTarget section */
		B2780AD5299FA2B90055BF18 /* Drill Buddy */ = {
			isa = PBXNativeTarget;
			buildConfigurationList = B2780AE4299FA2BB0055BF18 /* Build configuration list for PBXNativeTarget "Drill Buddy" */;
			buildPhases = (
				B2780AD2299FA2B90055BF18 /* Sources */,
				B2780AD3299FA2B90055BF18 /* Frameworks */,
				B2780AD4299FA2B90055BF18 /* Resources */,
			);
			buildRules = (
			);
			dependencies = (
			);
			name = "Drill Buddy";
			packageProductDependencies = (
			);
			productName = "Drill Buddy";
			productReference = B2780AD6299FA2B90055BF18 /* Drill Buddy.app */;
			productType = "com.apple.product-type.application";
		};
/* End PBXNativeTarget section */

/* Begin PBXProject section */
		B2780ACE299FA2B90055BF18 /* Project object */ = {
			isa = PBXProject;
			attributes = {
				BuildIndependentTargetsInParallel = 1;
				LastSwiftUpdateCheck = 1420;
				LastUpgradeCheck = 1420;
				TargetAttributes = {
					B2780AD5299FA2B90055BF18 = {
						CreatedOnToolsVersion = 14.2;
					};
				};
			};
			buildConfigurationList = B2780AD1299FA2B90055BF18 /* Build configuration list for PBXProject "Drill Buddy" */;
			compatibilityVersion = "Xcode 14.0";
			developmentRegion = en;
			hasScannedForEncodings = 0;
			knownRegions = (
				en,
				Base,
			);
			mainGroup = B2780ACD299FA2B90055BF18;
			packageReferences = (
			);
			productRefGroup = B2780AD7299FA2B90055BF18 /* Products */;
			projectDirPath = "";
			projectRoot = "";
			targets = (
				B2780AD5299FA2B90055BF18 /* Drill Buddy */,
			);
		};
/* End PBXProject section */

/* Begin PBXResourcesBuildPhase section */
		B2780AD4299FA2B90055BF18 /* Resources */ = {
			isa = PBXResourcesBuildPhase;
			buildActionMask = 2147483647;
			files = (
				B255A26029B42F0800B322B0 /* LICENSE.txt in Resources */,
				B2780AE1299FA2BB0055BF18 /* Preview Assets.xcassets in Resources */,
				B2780ADE299FA2BB0055BF18 /* Assets.xcassets in Resources */,
			);
			runOnlyForDeploymentPostprocessing = 0;
		};
/* End PBXResourcesBuildPhase section */

/* Begin PBXSourcesBuildPhase section */
		B2780AD2299FA2B90055BF18 /* Sources */ = {
			isa = PBXSourcesBuildPhase;
			buildActionMask = 2147483647;
			files = (
				B264D04D2A7AB5500082F141 /* ArchNode.swift in Sources */,
				B273F02329EB51A9000322E9 /* Coordinator.swift in Sources */,
				B2780ADC299FA2B90055BF18 /* ContentView.swift in Sources */,
				B22036A02A9687CB00ABBE3C /* MeasurePoint.swift in Sources */,
				B264D04F2A7AB59C0082F141 /* ArchNodeQuadrant.swift in Sources */,
				B2780ADA299FA2B90055BF18 /* Drill_BuddyApp.swift in Sources */,
				B2780AF429A4FF6B0055BF18 /* Extensions.swift in Sources */,
			);
			runOnlyForDeploymentPostprocessing = 0;
		};
/* End PBXSourcesBuildPhase section */

/* Begin XCBuildConfiguration section */
		B2780AE2299FA2BB0055BF18 /* Debug */ = {
			isa = XCBuildConfiguration;
			buildSettings = {
				ALWAYS_SEARCH_USER_PATHS = NO;
				CLANG_ANALYZER_NONNULL = YES;
				CLANG_ANALYZER_NUMBER_OBJECT_CONVERSION = YES_AGGRESSIVE;
				CLANG_CXX_LANGUAGE_STANDARD = "gnu++20";
				CLANG_ENABLE_MODULES = YES;
				CLANG_ENABLE_OBJC_ARC = YES;
				CLANG_ENABLE_OBJC_WEAK = YES;
				CLANG_WARN_BLOCK_CAPTURE_AUTORELEASING = YES;
				CLANG_WARN_BOOL_CONVERSION = YES;
				CLANG_WARN_COMMA = YES;
				CLANG_WARN_CONSTANT_CONVERSION = YES;
				CLANG_WARN_DEPRECATED_OBJC_IMPLEMENTATIONS = YES;
				CLANG_WARN_DIRECT_OBJC_ISA_USAGE = YES_ERROR;
				CLANG_WARN_DOCUMENTATION_COMMENTS = YES;
				CLANG_WARN_EMPTY_BODY = YES;
				CLANG_WARN_ENUM_CONVERSION = YES;
				CLANG_WARN_INFINITE_RECURSION = YES;
				CLANG_WARN_INT_CONVERSION = YES;
				CLANG_WARN_NON_LITERAL_NULL_CONVERSION = YES;
				CLANG_WARN_OBJC_IMPLICIT_RETAIN_SELF = YES;
				CLANG_WARN_OBJC_LITERAL_CONVERSION = YES;
				CLANG_WARN_OBJC_ROOT_CLASS = YES_ERROR;
				CLANG_WARN_QUOTED_INCLUDE_IN_FRAMEWORK_HEADER = YES;
				CLANG_WARN_RANGE_LOOP_ANALYSIS = YES;
				CLANG_WARN_STRICT_PROTOTYPES = YES;
				CLANG_WARN_SUSPICIOUS_MOVE = YES;
				CLANG_WARN_UNGUARDED_AVAILABILITY = YES_AGGRESSIVE;
				CLANG_WARN_UNREACHABLE_CODE = YES;
				CLANG_WARN__DUPLICATE_METHOD_MATCH = YES;
				COPY_PHASE_STRIP = NO;
				DEBUG_INFORMATION_FORMAT = dwarf;
				ENABLE_STRICT_OBJC_MSGSEND = YES;
				ENABLE_TESTABILITY = YES;
				GCC_C_LANGUAGE_STANDARD = gnu11;
				GCC_DYNAMIC_NO_PIC = NO;
				GCC_NO_COMMON_BLOCKS = YES;
				GCC_OPTIMIZATION_LEVEL = 0;
				GCC_PREPROCESSOR_DEFINITIONS = (
					"DEBUG=1",
					"$(inherited)",
				);
				GCC_WARN_64_TO_32_BIT_CONVERSION = YES;
				GCC_WARN_ABOUT_RETURN_TYPE = YES_ERROR;
				GCC_WARN_UNDECLARED_SELECTOR = YES;
				GCC_WARN_UNINITIALIZED_AUTOS = YES_AGGRESSIVE;
				GCC_WARN_UNUSED_FUNCTION = YES;
				GCC_WARN_UNUSED_VARIABLE = YES;
				IPHONEOS_DEPLOYMENT_TARGET = 16.2;
				MTL_ENABLE_DEBUG_INFO = INCLUDE_SOURCE;
				MTL_FAST_MATH = YES;
				ONLY_ACTIVE_ARCH = YES;
				SDKROOT = iphoneos;
				SWIFT_ACTIVE_COMPILATION_CONDITIONS = DEBUG;
				SWIFT_OPTIMIZATION_LEVEL = "-Onone";
			};
			name = Debug;
		};
		B2780AE3299FA2BB0055BF18 /* Release */ = {
			isa = XCBuildConfiguration;
			buildSettings = {
				ALWAYS_SEARCH_USER_PATHS = NO;
				CLANG_ANALYZER_NONNULL = YES;
				CLANG_ANALYZER_NUMBER_OBJECT_CONVERSION = YES_AGGRESSIVE;
				CLANG_CXX_LANGUAGE_STANDARD = "gnu++20";
				CLANG_ENABLE_MODULES = YES;
				CLANG_ENABLE_OBJC_ARC = YES;
				CLANG_ENABLE_OBJC_WEAK = YES;
				CLANG_WARN_BLOCK_CAPTURE_AUTORELEASING = YES;
				CLANG_WARN_BOOL_CONVERSION = YES;
				CLANG_WARN_COMMA = YES;
				CLANG_WARN_CONSTANT_CONVERSION = YES;
				CLANG_WARN_DEPRECATED_OBJC_IMPLEMENTATIONS = YES;
				CLANG_WARN_DIRECT_OBJC_ISA_USAGE = YES_ERROR;
				CLANG_WARN_DOCUMENTATION_COMMENTS = YES;
				CLANG_WARN_EMPTY_BODY = YES;
				CLANG_WARN_ENUM_CONVERSION = YES;
				CLANG_WARN_INFINITE_RECURSION = YES;
				CLANG_WARN_INT_CONVERSION = YES;
				CLANG_WARN_NON_LITERAL_NULL_CONVERSION = YES;
				CLANG_WARN_OBJC_IMPLICIT_RETAIN_SELF = YES;
				CLANG_WARN_OBJC_LITERAL_CONVERSION = YES;
				CLANG_WARN_OBJC_ROOT_CLASS = YES_ERROR;
				CLANG_WARN_QUOTED_INCLUDE_IN_FRAMEWORK_HEADER = YES;
				CLANG_WARN_RANGE_LOOP_ANALYSIS = YES;
				CLANG_WARN_STRICT_PROTOTYPES = YES;
				CLANG_WARN_SUSPICIOUS_MOVE = YES;
				CLANG_WARN_UNGUARDED_AVAILABILITY = YES_AGGRESSIVE;
				CLANG_WARN_UNREACHABLE_CODE = YES;
				CLANG_WARN__DUPLICATE_METHOD_MATCH = YES;
				COPY_PHASE_STRIP = NO;
				DEBUG_INFORMATION_FORMAT = "dwarf-with-dsym";
				ENABLE_NS_ASSERTIONS = NO;
				ENABLE_STRICT_OBJC_MSGSEND = YES;
				GCC_C_LANGUAGE_STANDARD = gnu11;
				GCC_NO_COMMON_BLOCKS = YES;
				GCC_WARN_64_TO_32_BIT_CONVERSION = YES;
				GCC_WARN_ABOUT_RETURN_TYPE = YES_ERROR;
				GCC_WARN_UNDECLARED_SELECTOR = YES;
				GCC_WARN_UNINITIALIZED_AUTOS = YES_AGGRESSIVE;
				GCC_WARN_UNUSED_FUNCTION = YES;
				GCC_WARN_UNUSED_VARIABLE = YES;
				IPHONEOS_DEPLOYMENT_TARGET = 16.2;
				MTL_ENABLE_DEBUG_INFO = NO;
				MTL_FAST_MATH = YES;
				SDKROOT = iphoneos;
				SWIFT_COMPILATION_MODE = wholemodule;
				SWIFT_OPTIMIZATION_LEVEL = "-O";
				VALIDATE_PRODUCT = YES;
			};
			name = Release;
		};
		B2780AE5299FA2BB0055BF18 /* Debug */ = {
			isa = XCBuildConfiguration;
			buildSettings = {
				ASSETCATALOG_COMPILER_APPICON_NAME = AppIcon;
				ASSETCATALOG_COMPILER_GLOBAL_ACCENT_COLOR_NAME = AccentColor;
				CODE_SIGN_STYLE = Automatic;
				CURRENT_PROJECT_VERSION = 1;
				DEVELOPMENT_ASSET_PATHS = "\"Drill Buddy/Preview Content\"";
				DEVELOPMENT_TEAM = 8W2MLE97FK;
				ENABLE_PREVIEWS = YES;
				GENERATE_INFOPLIST_FILE = YES;
				INFOPLIST_KEY_NSCameraUsageDescription = "Using your camera for AR";
				INFOPLIST_KEY_UIApplicationSceneManifest_Generation = YES;
				INFOPLIST_KEY_UIApplicationSupportsIndirectInputEvents = YES;
				INFOPLIST_KEY_UILaunchScreen_Generation = YES;
				INFOPLIST_KEY_UISupportedInterfaceOrientations_iPad = "UIInterfaceOrientationPortrait UIInterfaceOrientationPortraitUpsideDown UIInterfaceOrientationLandscapeLeft UIInterfaceOrientationLandscapeRight";
				INFOPLIST_KEY_UISupportedInterfaceOrientations_iPhone = "UIInterfaceOrientationPortrait UIInterfaceOrientationLandscapeLeft UIInterfaceOrientationLandscapeRight";
				LD_RUNPATH_SEARCH_PATHS = (
					"$(inherited)",
					"@executable_path/Frameworks",
				);
				MARKETING_VERSION = 1.0;
				PRODUCT_BUNDLE_IDENTIFIER = "mcfliermeyer.Drill-Buddy";
				PRODUCT_NAME = "$(TARGET_NAME)";
				SWIFT_EMIT_LOC_STRINGS = YES;
				SWIFT_VERSION = 5.0;
				TARGETED_DEVICE_FAMILY = "1,2";
			};
			name = Debug;
		};
		B2780AE6299FA2BB0055BF18 /* Release */ = {
			isa = XCBuildConfiguration;
			buildSettings = {
				ASSETCATALOG_COMPILER_APPICON_NAME = AppIcon;
				ASSETCATALOG_COMPILER_GLOBAL_ACCENT_COLOR_NAME = AccentColor;
				CODE_SIGN_STYLE = Automatic;
				CURRENT_PROJECT_VERSION = 1;
				DEVELOPMENT_ASSET_PATHS = "\"Drill Buddy/Preview Content\"";
				DEVELOPMENT_TEAM = 8W2MLE97FK;
				ENABLE_PREVIEWS = YES;
				GENERATE_INFOPLIST_FILE = YES;
				INFOPLIST_KEY_NSCameraUsageDescription = "Using your camera for AR";
				INFOPLIST_KEY_UIApplicationSceneManifest_Generation = YES;
				INFOPLIST_KEY_UIApplicationSupportsIndirectInputEvents = YES;
				INFOPLIST_KEY_UILaunchScreen_Generation = YES;
				INFOPLIST_KEY_UISupportedInterfaceOrientations_iPad = "UIInterfaceOrientationPortrait UIInterfaceOrientationPortraitUpsideDown UIInterfaceOrientationLandscapeLeft UIInterfaceOrientationLandscapeRight";
				INFOPLIST_KEY_UISupportedInterfaceOrientations_iPhone = "UIInterfaceOrientationPortrait UIInterfaceOrientationLandscapeLeft UIInterfaceOrientationLandscapeRight";
				LD_RUNPATH_SEARCH_PATHS = (
					"$(inherited)",
					"@executable_path/Frameworks",
				);
				MARKETING_VERSION = 1.0;
				PRODUCT_BUNDLE_IDENTIFIER = "mcfliermeyer.Drill-Buddy";
				PRODUCT_NAME = "$(TARGET_NAME)";
				SWIFT_EMIT_LOC_STRINGS = YES;
				SWIFT_VERSION = 5.0;
				TARGETED_DEVICE_FAMILY = "1,2";
			};
			name = Release;
		};
/* End XCBuildConfiguration section */

/* Begin XCConfigurationList section */
		B2780AD1299FA2B90055BF18 /* Build configuration list for PBXProject "Drill Buddy" */ = {
			isa = XCConfigurationList;
			buildConfigurations = (
				B2780AE2299FA2BB0055BF18 /* Debug */,
				B2780AE3299FA2BB0055BF18 /* Release */,
			);
			defaultConfigurationIsVisible = 0;
			defaultConfigurationName = Release;
		};
		B2780AE4299FA2BB0055BF18 /* Build configuration list for PBXNativeTarget "Drill Buddy" */ = {
			isa = XCConfigurationList;
			buildConfigurations = (
				B2780AE5299FA2BB0055BF18 /* Debug */,
				B2780AE6299FA2BB0055BF18 /* Release */,
			);
			defaultConfigurationIsVisible = 0;
			defaultConfigurationName = Release;
		};
/* End XCConfigurationList section */
	};
	rootObject = B2780ACE299FA2B90055BF18 /* Project object */;
}
